# This file is automatically @generated by Cargo.
# It is not intended for manual editing.
version = 4

[[package]]
name = "maybe-dangling"
version = "0.1.2"
source = "registry+https://github.com/rust-lang/crates.io-index"
checksum = "59dbb09ed53f8e4f314e353dc6c1853ae5b4c480a668a422657804a544ea9f65"

[[package]]
name = "oyakodon"
version = "0.1.0"
dependencies = [
 "maybe-dangling",
 "stable_deref_trait",
]

[[package]]
name = "stable_deref_trait"
version = "1.2.1"
source = "registry+https://github.com/rust-lang/crates.io-index"
checksum = "6ce2be8dc25455e1f91df71bfa12ad37d7af1092ae736f3a6cd0e37bc7810596"
